
Microsoft Visual Studio Solution File, Format Version 12.00
# Visual Studio Version 17
VisualStudioVersion = 17.9.34607.119
MinimumVisualStudioVersion = 10.0.40219.1
Project("{2150E333-8FDC-42A3-9474-1A3956D46DE8}") = "SimpleConsumerProducer", "SimpleConsumerProducer", "{22512B3F-D3D8-4E06-A595-477BCCE05DE4}"
EndProject
Project("{9A19103F-16F7-4668-BE54-9A1E7A4F7556}") = "Publisher", "SimpleConsumerProducer\Publisher\Publisher.csproj", "{FE81521E-CDDA-4D37-8A06-B781A227CF2D}"
EndProject
Project("{9A19103F-16F7-4668-BE54-9A1E7A4F7556}") = "Consumer", "SimpleConsumerProducer\Consumer\Consumer.csproj", "{F50F0554-2784-4252-A7B6-14E08131670E}"
EndProject
Project("{2150E333-8FDC-42A3-9474-1A3956D46DE8}") = "SomeTopics", "SomeTopics", "{A66FCDE8-A637-4129-AAE5-19AC26B04D98}"
EndProject
Project("{FAE04EC0-301F-11D3-BF4B-00C04F79EFBC}") = "Publisher", "SomeTopics\Publisher\Publisher.csproj", "{B13023ED-2F25-4577-BB64-D7524FD723E7}"
EndProject
Project("{FAE04EC0-301F-11D3-BF4B-00C04F79EFBC}") = "Consumer", "SomeTopics\Consumer\Consumer.csproj", "{0F7AA30E-2594-4F20-9040-F67B4EE31BFA}"
EndProject
Project("{2150E333-8FDC-42A3-9474-1A3956D46DE8}") = "Excanges", "Excanges", "{DEB4CB75-554A-4F46-A0CA-8EC7BFB82853}"
EndProject
Project("{2150E333-8FDC-42A3-9474-1A3956D46DE8}") = "Direct", "Direct", "{271F3BA5-786B-4768-A22F-4567389EFDFF}"
EndProject
Project("{FAE04EC0-301F-11D3-BF4B-00C04F79EFBC}") = "Publisher", "Exchanges\Direct\Publisher\Publisher.csproj", "{757C3EDD-09B5-4D92-968E-25D2492604C1}"
EndProject
Project("{FAE04EC0-301F-11D3-BF4B-00C04F79EFBC}") = "Consumer", "Exchanges\Direct\Consumer\Consumer.csproj", "{14755286-949B-4038-9522-BEC707807832}"
EndProject
Project("{2150E333-8FDC-42A3-9474-1A3956D46DE8}") = "Fanout", "Fanout", "{DDCBBD3A-DB9A-41C2-B3EF-BDE08F6E1BDC}"
EndProject
Global
	GlobalSection(SolutionConfigurationPlatforms) = preSolution
		Debug|Any CPU = Debug|Any CPU
		Release|Any CPU = Release|Any CPU
	EndGlobalSection
	GlobalSection(ProjectConfigurationPlatforms) = postSolution
		{FE81521E-CDDA-4D37-8A06-B781A227CF2D}.Debug|Any CPU.ActiveCfg = Debug|Any CPU
		{FE81521E-CDDA-4D37-8A06-B781A227CF2D}.Debug|Any CPU.Build.0 = Debug|Any CPU
		{FE81521E-CDDA-4D37-8A06-B781A227CF2D}.Release|Any CPU.ActiveCfg = Release|Any CPU
		{FE81521E-CDDA-4D37-8A06-B781A227CF2D}.Release|Any CPU.Build.0 = Release|Any CPU
		{F50F0554-2784-4252-A7B6-14E08131670E}.Debug|Any CPU.ActiveCfg = Debug|Any CPU
		{F50F0554-2784-4252-A7B6-14E08131670E}.Debug|Any CPU.Build.0 = Debug|Any CPU
		{F50F0554-2784-4252-A7B6-14E08131670E}.Release|Any CPU.ActiveCfg = Release|Any CPU
		{F50F0554-2784-4252-A7B6-14E08131670E}.Release|Any CPU.Build.0 = Release|Any CPU
		{B13023ED-2F25-4577-BB64-D7524FD723E7}.Debug|Any CPU.ActiveCfg = Debug|Any CPU
		{B13023ED-2F25-4577-BB64-D7524FD723E7}.Debug|Any CPU.Build.0 = Debug|Any CPU
		{B13023ED-2F25-4577-BB64-D7524FD723E7}.Release|Any CPU.ActiveCfg = Release|Any CPU
		{B13023ED-2F25-4577-BB64-D7524FD723E7}.Release|Any CPU.Build.0 = Release|Any CPU
		{0F7AA30E-2594-4F20-9040-F67B4EE31BFA}.Debug|Any CPU.ActiveCfg = Debug|Any CPU
		{0F7AA30E-2594-4F20-9040-F67B4EE31BFA}.Debug|Any CPU.Build.0 = Debug|Any CPU
		{0F7AA30E-2594-4F20-9040-F67B4EE31BFA}.Release|Any CPU.ActiveCfg = Release|Any CPU
		{0F7AA30E-2594-4F20-9040-F67B4EE31BFA}.Release|Any CPU.Build.0 = Release|Any CPU
		{757C3EDD-09B5-4D92-968E-25D2492604C1}.Debug|Any CPU.ActiveCfg = Debug|Any CPU
		{757C3EDD-09B5-4D92-968E-25D2492604C1}.Debug|Any CPU.Build.0 = Debug|Any CPU
		{757C3EDD-09B5-4D92-968E-25D2492604C1}.Release|Any CPU.ActiveCfg = Release|Any CPU
		{757C3EDD-09B5-4D92-968E-25D2492604C1}.Release|Any CPU.Build.0 = Release|Any CPU
		{14755286-949B-4038-9522-BEC707807832}.Debug|Any CPU.ActiveCfg = Debug|Any CPU
		{14755286-949B-4038-9522-BEC707807832}.Debug|Any CPU.Build.0 = Debug|Any CPU
		{14755286-949B-4038-9522-BEC707807832}.Release|Any CPU.ActiveCfg = Release|Any CPU
		{14755286-949B-4038-9522-BEC707807832}.Release|Any CPU.Build.0 = Release|Any CPU
	EndGlobalSection
	GlobalSection(SolutionProperties) = preSolution
		HideSolutionNode = FALSE
	EndGlobalSection
	GlobalSection(NestedProjects) = preSolution
		{FE81521E-CDDA-4D37-8A06-B781A227CF2D} = {22512B3F-D3D8-4E06-A595-477BCCE05DE4}
		{F50F0554-2784-4252-A7B6-14E08131670E} = {22512B3F-D3D8-4E06-A595-477BCCE05DE4}
		{B13023ED-2F25-4577-BB64-D7524FD723E7} = {A66FCDE8-A637-4129-AAE5-19AC26B04D98}
		{0F7AA30E-2594-4F20-9040-F67B4EE31BFA} = {A66FCDE8-A637-4129-AAE5-19AC26B04D98}
		{271F3BA5-786B-4768-A22F-4567389EFDFF} = {DEB4CB75-554A-4F46-A0CA-8EC7BFB82853}
		{757C3EDD-09B5-4D92-968E-25D2492604C1} = {271F3BA5-786B-4768-A22F-4567389EFDFF}
		{14755286-949B-4038-9522-BEC707807832} = {271F3BA5-786B-4768-A22F-4567389EFDFF}
		{DDCBBD3A-DB9A-41C2-B3EF-BDE08F6E1BDC} = {DEB4CB75-554A-4F46-A0CA-8EC7BFB82853}
	EndGlobalSection
	GlobalSection(ExtensibilityGlobals) = postSolution
		SolutionGuid = {19E6BB2D-00D6-4A9C-99D5-74B14EA58051}
	EndGlobalSection
EndGlobal
