
Microsoft Visual Studio Solution File, Format Version 12.00
# Visual Studio Version 17
VisualStudioVersion = 17.9.34607.119
MinimumVisualStudioVersion = 10.0.40219.1
Project("{2150E333-8FDC-42A3-9474-1A3956D46DE8}") = "SimpleConsumerProducer", "SimpleConsumerProducer", "{22512B3F-D3D8-4E06-A595-477BCCE05DE4}"
EndProject
Project("{9A19103F-16F7-4668-BE54-9A1E7A4F7556}") = "Publisher", "SimpleConsumerProducer\Publisher\Publisher.csproj", "{FE81521E-CDDA-4D37-8A06-B781A227CF2D}"
EndProject
Project("{9A19103F-16F7-4668-BE54-9A1E7A4F7556}") = "Consumer", "SimpleConsumerProducer\Consumer\Consumer.csproj", "{F50F0554-2784-4252-A7B6-14E08131670E}"
EndProject
Project("{2150E333-8FDC-42A3-9474-1A3956D46DE8}") = "SomeTopics", "SomeTopics", "{A66FCDE8-A637-4129-AAE5-19AC26B04D98}"
EndProject
Project("{9A19103F-16F7-4668-BE54-9A1E7A4F7556}") = "Publisher", "SomeTopics\Publisher\Publisher.csproj", "{B13023ED-2F25-4577-BB64-D7524FD723E7}"
EndProject
Project("{9A19103F-16F7-4668-BE54-9A1E7A4F7556}") = "Consumer", "SomeTopics\Consumer\Consumer.csproj", "{0F7AA30E-2594-4F20-9040-F67B4EE31BFA}"
EndProject
Project("{2150E333-8FDC-42A3-9474-1A3956D46DE8}") = "Exchanges", "Exchanges", "{DEB4CB75-554A-4F46-A0CA-8EC7BFB82853}"
EndProject
Project("{2150E333-8FDC-42A3-9474-1A3956D46DE8}") = "Direct", "Direct", "{271F3BA5-786B-4768-A22F-4567389EFDFF}"
EndProject
Project("{9A19103F-16F7-4668-BE54-9A1E7A4F7556}") = "Publisher", "Exchanges\Direct\Publisher\Publisher.csproj", "{757C3EDD-09B5-4D92-968E-25D2492604C1}"
EndProject
Project("{9A19103F-16F7-4668-BE54-9A1E7A4F7556}") = "Consumer", "Exchanges\Direct\Consumer\Consumer.csproj", "{14755286-949B-4038-9522-BEC707807832}"
EndProject
Project("{2150E333-8FDC-42A3-9474-1A3956D46DE8}") = "Fanout", "Fanout", "{DDCBBD3A-DB9A-41C2-B3EF-BDE08F6E1BDC}"
EndProject
Project("{9A19103F-16F7-4668-BE54-9A1E7A4F7556}") = "Publisher", "Exchanges\Fanout\Publisher\Publisher.csproj", "{3C03F8CB-511D-4227-81B2-6ED45F17CD53}"
EndProject
Project("{9A19103F-16F7-4668-BE54-9A1E7A4F7556}") = "Consumer", "Exchanges\Fanout\Consumer\Consumer.csproj", "{AA7F3519-05F5-4CBE-8EE5-456779430C30}"
EndProject
Project("{2150E333-8FDC-42A3-9474-1A3956D46DE8}") = "Topic", "Topic", "{7D82917D-6225-482C-9FBF-92E1EC2D909B}"
EndProject
Project("{9A19103F-16F7-4668-BE54-9A1E7A4F7556}") = "Publisher", "Exchanges\Topic\Publisher\Publisher.csproj", "{EBC78D5A-619B-4BAF-88EB-F1229302524A}"
EndProject
Project("{9A19103F-16F7-4668-BE54-9A1E7A4F7556}") = "Consumer", "Exchanges\Topic\Consumer\Consumer.csproj", "{A6F2AB1D-8D16-41F7-B417-79406421CD31}"
EndProject
Project("{2150E333-8FDC-42A3-9474-1A3956D46DE8}") = "Header", "Header", "{E7D9A1E5-99B5-495F-BE8D-CCC7994BF4FE}"
EndProject
Project("{9A19103F-16F7-4668-BE54-9A1E7A4F7556}") = "Consumer", "Exchanges\Header\Consumer\Consumer.csproj", "{0D78B929-8ACF-4BF4-8A9A-337EE4C34CA9}"
EndProject
Project("{9A19103F-16F7-4668-BE54-9A1E7A4F7556}") = "Publisher", "Exchanges\Header\Publisher\Publisher.csproj", "{4A583710-1361-41DD-9A9F-3406471EAE4A}"
EndProject
Project("{2150E333-8FDC-42A3-9474-1A3956D46DE8}") = "MessagePatterns", "MessagePatterns", "{5D8A40F7-B9DA-4E41-86A2-D8F2166C9F05}"
EndProject
Project("{2150E333-8FDC-42A3-9474-1A3956D46DE8}") = "P2P", "P2P", "{F1A18475-6EA6-442B-BEA1-0A3B7682AD45}"
EndProject
Project("{2150E333-8FDC-42A3-9474-1A3956D46DE8}") = "WorkQueue", "WorkQueue", "{63B2FF49-B065-4DF7-B701-B3AAA186254A}"
EndProject
Project("{2150E333-8FDC-42A3-9474-1A3956D46DE8}") = "PubSub", "PubSub", "{856B66C3-52CA-4592-809C-1FED11A9C8B9}"
EndProject
Project("{2150E333-8FDC-42A3-9474-1A3956D46DE8}") = "RequestResponse", "RequestResponse", "{08748D66-965B-402C-9F84-323ED879CDC3}"
EndProject
Project("{FAE04EC0-301F-11D3-BF4B-00C04F79EFBC}") = "Publisher", "MessagePatterns\P2P\Publisher\Publisher.csproj", "{C4261879-670B-4344-AD5B-D02911D64EE6}"
EndProject
Project("{FAE04EC0-301F-11D3-BF4B-00C04F79EFBC}") = "Consumer", "MessagePatterns\P2P\Consumer\Consumer.csproj", "{23409116-05C7-412C-9DEA-4D52CD6192CF}"
EndProject
Project("{FAE04EC0-301F-11D3-BF4B-00C04F79EFBC}") = "Consumer", "MessagePatterns\PubSub\Consumer\Consumer.csproj", "{BE651DD1-E521-48F9-9217-297455B74D7D}"
EndProject
Project("{FAE04EC0-301F-11D3-BF4B-00C04F79EFBC}") = "Publisher", "MessagePatterns\PubSub\Publisher\Publisher\Publisher.csproj", "{B9144DB6-F9D6-4247-B46C-33A214BC478A}"
EndProject
Project("{FAE04EC0-301F-11D3-BF4B-00C04F79EFBC}") = "Consumer", "MessagePatterns\WorkQueue\Consumer\Consumer.csproj", "{DF2412BC-6316-4F43-B599-99B3EE6703B9}"
EndProject
Project("{FAE04EC0-301F-11D3-BF4B-00C04F79EFBC}") = "Publisher", "MessagePatterns\WorkQueue\Publisher\Publisher.csproj", "{836A14D5-D69B-48F6-B175-4D51431D5425}"
EndProject
Project("{FAE04EC0-301F-11D3-BF4B-00C04F79EFBC}") = "Publisher", "MessagePatterns\RequestResponse\Publisher\Publisher.csproj", "{01E6D182-F4ED-4BAF-B819-8815C9433B0C}"
EndProject
Project("{FAE04EC0-301F-11D3-BF4B-00C04F79EFBC}") = "Consumer", "MessagePatterns\RequestResponse\Consumer\Consumer.csproj", "{A1C7DCF6-4BA3-479E-B107-9AB100CA20C4}"
EndProject
Project("{2150E333-8FDC-42A3-9474-1A3956D46DE8}") = "MassTransit", "MassTransit", "{8D867972-C3FC-493C-88BA-D8CCCB32152B}"
EndProject
Project("{FAE04EC0-301F-11D3-BF4B-00C04F79EFBC}") = "Producer", "MassTransit\Producer\Producer.csproj", "{C3EF0643-7308-4017-846B-780A1C2A546F}"
EndProject
Project("{FAE04EC0-301F-11D3-BF4B-00C04F79EFBC}") = "Consumer", "MassTransit\Consumer\Consumer.csproj", "{84BBF901-E0E6-4892-BBA0-652389153C83}"
EndProject
Project("{FAE04EC0-301F-11D3-BF4B-00C04F79EFBC}") = "Shared", "MassTransit\Shared\Shared.csproj", "{3E377943-475D-4927-94D8-2BA6D393219B}"
EndProject
Project("{2150E333-8FDC-42A3-9474-1A3956D46DE8}") = "RequestResponse", "RequestResponse", "{5B627627-D8A0-4B2E-812D-8A88B0024EBB}"
EndProject
Project("{FAE04EC0-301F-11D3-BF4B-00C04F79EFBC}") = "Consumer", "MassTransit\RequestResponse\Consumer\Consumer.csproj", "{8FD2306B-BB20-4101-832E-D0C184E3D6D5}"
EndProject
Project("{FAE04EC0-301F-11D3-BF4B-00C04F79EFBC}") = "Producer", "MassTransit\RequestResponse\Producer\Producer.csproj", "{2F163F0E-5B56-44F7-B69E-67B01E525ECB}"
EndProject
Global
	GlobalSection(SolutionConfigurationPlatforms) = preSolution
		Debug|Any CPU = Debug|Any CPU
		Release|Any CPU = Release|Any CPU
	EndGlobalSection
	GlobalSection(ProjectConfigurationPlatforms) = postSolution
		{FE81521E-CDDA-4D37-8A06-B781A227CF2D}.Debug|Any CPU.ActiveCfg = Debug|Any CPU
		{FE81521E-CDDA-4D37-8A06-B781A227CF2D}.Debug|Any CPU.Build.0 = Debug|Any CPU
		{FE81521E-CDDA-4D37-8A06-B781A227CF2D}.Release|Any CPU.ActiveCfg = Release|Any CPU
		{FE81521E-CDDA-4D37-8A06-B781A227CF2D}.Release|Any CPU.Build.0 = Release|Any CPU
		{F50F0554-2784-4252-A7B6-14E08131670E}.Debug|Any CPU.ActiveCfg = Debug|Any CPU
		{F50F0554-2784-4252-A7B6-14E08131670E}.Debug|Any CPU.Build.0 = Debug|Any CPU
		{F50F0554-2784-4252-A7B6-14E08131670E}.Release|Any CPU.ActiveCfg = Release|Any CPU
		{F50F0554-2784-4252-A7B6-14E08131670E}.Release|Any CPU.Build.0 = Release|Any CPU
		{B13023ED-2F25-4577-BB64-D7524FD723E7}.Debug|Any CPU.ActiveCfg = Debug|Any CPU
		{B13023ED-2F25-4577-BB64-D7524FD723E7}.Debug|Any CPU.Build.0 = Debug|Any CPU
		{B13023ED-2F25-4577-BB64-D7524FD723E7}.Release|Any CPU.ActiveCfg = Release|Any CPU
		{B13023ED-2F25-4577-BB64-D7524FD723E7}.Release|Any CPU.Build.0 = Release|Any CPU
		{0F7AA30E-2594-4F20-9040-F67B4EE31BFA}.Debug|Any CPU.ActiveCfg = Debug|Any CPU
		{0F7AA30E-2594-4F20-9040-F67B4EE31BFA}.Debug|Any CPU.Build.0 = Debug|Any CPU
		{0F7AA30E-2594-4F20-9040-F67B4EE31BFA}.Release|Any CPU.ActiveCfg = Release|Any CPU
		{0F7AA30E-2594-4F20-9040-F67B4EE31BFA}.Release|Any CPU.Build.0 = Release|Any CPU
		{757C3EDD-09B5-4D92-968E-25D2492604C1}.Debug|Any CPU.ActiveCfg = Debug|Any CPU
		{757C3EDD-09B5-4D92-968E-25D2492604C1}.Debug|Any CPU.Build.0 = Debug|Any CPU
		{757C3EDD-09B5-4D92-968E-25D2492604C1}.Release|Any CPU.ActiveCfg = Release|Any CPU
		{757C3EDD-09B5-4D92-968E-25D2492604C1}.Release|Any CPU.Build.0 = Release|Any CPU
		{14755286-949B-4038-9522-BEC707807832}.Debug|Any CPU.ActiveCfg = Debug|Any CPU
		{14755286-949B-4038-9522-BEC707807832}.Debug|Any CPU.Build.0 = Debug|Any CPU
		{14755286-949B-4038-9522-BEC707807832}.Release|Any CPU.ActiveCfg = Release|Any CPU
		{14755286-949B-4038-9522-BEC707807832}.Release|Any CPU.Build.0 = Release|Any CPU
		{3C03F8CB-511D-4227-81B2-6ED45F17CD53}.Debug|Any CPU.ActiveCfg = Debug|Any CPU
		{3C03F8CB-511D-4227-81B2-6ED45F17CD53}.Debug|Any CPU.Build.0 = Debug|Any CPU
		{3C03F8CB-511D-4227-81B2-6ED45F17CD53}.Release|Any CPU.ActiveCfg = Release|Any CPU
		{3C03F8CB-511D-4227-81B2-6ED45F17CD53}.Release|Any CPU.Build.0 = Release|Any CPU
		{AA7F3519-05F5-4CBE-8EE5-456779430C30}.Debug|Any CPU.ActiveCfg = Debug|Any CPU
		{AA7F3519-05F5-4CBE-8EE5-456779430C30}.Debug|Any CPU.Build.0 = Debug|Any CPU
		{AA7F3519-05F5-4CBE-8EE5-456779430C30}.Release|Any CPU.ActiveCfg = Release|Any CPU
		{AA7F3519-05F5-4CBE-8EE5-456779430C30}.Release|Any CPU.Build.0 = Release|Any CPU
		{EBC78D5A-619B-4BAF-88EB-F1229302524A}.Debug|Any CPU.ActiveCfg = Debug|Any CPU
		{EBC78D5A-619B-4BAF-88EB-F1229302524A}.Debug|Any CPU.Build.0 = Debug|Any CPU
		{EBC78D5A-619B-4BAF-88EB-F1229302524A}.Release|Any CPU.ActiveCfg = Release|Any CPU
		{EBC78D5A-619B-4BAF-88EB-F1229302524A}.Release|Any CPU.Build.0 = Release|Any CPU
		{A6F2AB1D-8D16-41F7-B417-79406421CD31}.Debug|Any CPU.ActiveCfg = Debug|Any CPU
		{A6F2AB1D-8D16-41F7-B417-79406421CD31}.Debug|Any CPU.Build.0 = Debug|Any CPU
		{A6F2AB1D-8D16-41F7-B417-79406421CD31}.Release|Any CPU.ActiveCfg = Release|Any CPU
		{A6F2AB1D-8D16-41F7-B417-79406421CD31}.Release|Any CPU.Build.0 = Release|Any CPU
		{0D78B929-8ACF-4BF4-8A9A-337EE4C34CA9}.Debug|Any CPU.ActiveCfg = Debug|Any CPU
		{0D78B929-8ACF-4BF4-8A9A-337EE4C34CA9}.Debug|Any CPU.Build.0 = Debug|Any CPU
		{0D78B929-8ACF-4BF4-8A9A-337EE4C34CA9}.Release|Any CPU.ActiveCfg = Release|Any CPU
		{0D78B929-8ACF-4BF4-8A9A-337EE4C34CA9}.Release|Any CPU.Build.0 = Release|Any CPU
		{4A583710-1361-41DD-9A9F-3406471EAE4A}.Debug|Any CPU.ActiveCfg = Debug|Any CPU
		{4A583710-1361-41DD-9A9F-3406471EAE4A}.Debug|Any CPU.Build.0 = Debug|Any CPU
		{4A583710-1361-41DD-9A9F-3406471EAE4A}.Release|Any CPU.ActiveCfg = Release|Any CPU
		{4A583710-1361-41DD-9A9F-3406471EAE4A}.Release|Any CPU.Build.0 = Release|Any CPU
		{C4261879-670B-4344-AD5B-D02911D64EE6}.Debug|Any CPU.ActiveCfg = Debug|Any CPU
		{C4261879-670B-4344-AD5B-D02911D64EE6}.Debug|Any CPU.Build.0 = Debug|Any CPU
		{C4261879-670B-4344-AD5B-D02911D64EE6}.Release|Any CPU.ActiveCfg = Release|Any CPU
		{C4261879-670B-4344-AD5B-D02911D64EE6}.Release|Any CPU.Build.0 = Release|Any CPU
		{23409116-05C7-412C-9DEA-4D52CD6192CF}.Debug|Any CPU.ActiveCfg = Debug|Any CPU
		{23409116-05C7-412C-9DEA-4D52CD6192CF}.Debug|Any CPU.Build.0 = Debug|Any CPU
		{23409116-05C7-412C-9DEA-4D52CD6192CF}.Release|Any CPU.ActiveCfg = Release|Any CPU
		{23409116-05C7-412C-9DEA-4D52CD6192CF}.Release|Any CPU.Build.0 = Release|Any CPU
		{BE651DD1-E521-48F9-9217-297455B74D7D}.Debug|Any CPU.ActiveCfg = Debug|Any CPU
		{BE651DD1-E521-48F9-9217-297455B74D7D}.Debug|Any CPU.Build.0 = Debug|Any CPU
		{BE651DD1-E521-48F9-9217-297455B74D7D}.Release|Any CPU.ActiveCfg = Release|Any CPU
		{BE651DD1-E521-48F9-9217-297455B74D7D}.Release|Any CPU.Build.0 = Release|Any CPU
		{B9144DB6-F9D6-4247-B46C-33A214BC478A}.Debug|Any CPU.ActiveCfg = Debug|Any CPU
		{B9144DB6-F9D6-4247-B46C-33A214BC478A}.Debug|Any CPU.Build.0 = Debug|Any CPU
		{B9144DB6-F9D6-4247-B46C-33A214BC478A}.Release|Any CPU.ActiveCfg = Release|Any CPU
		{B9144DB6-F9D6-4247-B46C-33A214BC478A}.Release|Any CPU.Build.0 = Release|Any CPU
		{DF2412BC-6316-4F43-B599-99B3EE6703B9}.Debug|Any CPU.ActiveCfg = Debug|Any CPU
		{DF2412BC-6316-4F43-B599-99B3EE6703B9}.Debug|Any CPU.Build.0 = Debug|Any CPU
		{DF2412BC-6316-4F43-B599-99B3EE6703B9}.Release|Any CPU.ActiveCfg = Release|Any CPU
		{DF2412BC-6316-4F43-B599-99B3EE6703B9}.Release|Any CPU.Build.0 = Release|Any CPU
		{836A14D5-D69B-48F6-B175-4D51431D5425}.Debug|Any CPU.ActiveCfg = Debug|Any CPU
		{836A14D5-D69B-48F6-B175-4D51431D5425}.Debug|Any CPU.Build.0 = Debug|Any CPU
		{836A14D5-D69B-48F6-B175-4D51431D5425}.Release|Any CPU.ActiveCfg = Release|Any CPU
		{836A14D5-D69B-48F6-B175-4D51431D5425}.Release|Any CPU.Build.0 = Release|Any CPU
		{01E6D182-F4ED-4BAF-B819-8815C9433B0C}.Debug|Any CPU.ActiveCfg = Debug|Any CPU
		{01E6D182-F4ED-4BAF-B819-8815C9433B0C}.Debug|Any CPU.Build.0 = Debug|Any CPU
		{01E6D182-F4ED-4BAF-B819-8815C9433B0C}.Release|Any CPU.ActiveCfg = Release|Any CPU
		{01E6D182-F4ED-4BAF-B819-8815C9433B0C}.Release|Any CPU.Build.0 = Release|Any CPU
		{A1C7DCF6-4BA3-479E-B107-9AB100CA20C4}.Debug|Any CPU.ActiveCfg = Debug|Any CPU
		{A1C7DCF6-4BA3-479E-B107-9AB100CA20C4}.Debug|Any CPU.Build.0 = Debug|Any CPU
		{A1C7DCF6-4BA3-479E-B107-9AB100CA20C4}.Release|Any CPU.ActiveCfg = Release|Any CPU
		{A1C7DCF6-4BA3-479E-B107-9AB100CA20C4}.Release|Any CPU.Build.0 = Release|Any CPU
		{C3EF0643-7308-4017-846B-780A1C2A546F}.Debug|Any CPU.ActiveCfg = Debug|Any CPU
		{C3EF0643-7308-4017-846B-780A1C2A546F}.Debug|Any CPU.Build.0 = Debug|Any CPU
		{C3EF0643-7308-4017-846B-780A1C2A546F}.Release|Any CPU.ActiveCfg = Release|Any CPU
		{C3EF0643-7308-4017-846B-780A1C2A546F}.Release|Any CPU.Build.0 = Release|Any CPU
		{84BBF901-E0E6-4892-BBA0-652389153C83}.Debug|Any CPU.ActiveCfg = Debug|Any CPU
		{84BBF901-E0E6-4892-BBA0-652389153C83}.Debug|Any CPU.Build.0 = Debug|Any CPU
		{84BBF901-E0E6-4892-BBA0-652389153C83}.Release|Any CPU.ActiveCfg = Release|Any CPU
		{84BBF901-E0E6-4892-BBA0-652389153C83}.Release|Any CPU.Build.0 = Release|Any CPU
		{3E377943-475D-4927-94D8-2BA6D393219B}.Debug|Any CPU.ActiveCfg = Debug|Any CPU
		{3E377943-475D-4927-94D8-2BA6D393219B}.Debug|Any CPU.Build.0 = Debug|Any CPU
		{3E377943-475D-4927-94D8-2BA6D393219B}.Release|Any CPU.ActiveCfg = Release|Any CPU
		{3E377943-475D-4927-94D8-2BA6D393219B}.Release|Any CPU.Build.0 = Release|Any CPU
		{8FD2306B-BB20-4101-832E-D0C184E3D6D5}.Debug|Any CPU.ActiveCfg = Debug|Any CPU
		{8FD2306B-BB20-4101-832E-D0C184E3D6D5}.Debug|Any CPU.Build.0 = Debug|Any CPU
		{8FD2306B-BB20-4101-832E-D0C184E3D6D5}.Release|Any CPU.ActiveCfg = Release|Any CPU
		{8FD2306B-BB20-4101-832E-D0C184E3D6D5}.Release|Any CPU.Build.0 = Release|Any CPU
		{2F163F0E-5B56-44F7-B69E-67B01E525ECB}.Debug|Any CPU.ActiveCfg = Debug|Any CPU
		{2F163F0E-5B56-44F7-B69E-67B01E525ECB}.Debug|Any CPU.Build.0 = Debug|Any CPU
		{2F163F0E-5B56-44F7-B69E-67B01E525ECB}.Release|Any CPU.ActiveCfg = Release|Any CPU
		{2F163F0E-5B56-44F7-B69E-67B01E525ECB}.Release|Any CPU.Build.0 = Release|Any CPU
	EndGlobalSection
	GlobalSection(SolutionProperties) = preSolution
		HideSolutionNode = FALSE
	EndGlobalSection
	GlobalSection(NestedProjects) = preSolution
		{FE81521E-CDDA-4D37-8A06-B781A227CF2D} = {22512B3F-D3D8-4E06-A595-477BCCE05DE4}
		{F50F0554-2784-4252-A7B6-14E08131670E} = {22512B3F-D3D8-4E06-A595-477BCCE05DE4}
		{B13023ED-2F25-4577-BB64-D7524FD723E7} = {A66FCDE8-A637-4129-AAE5-19AC26B04D98}
		{0F7AA30E-2594-4F20-9040-F67B4EE31BFA} = {A66FCDE8-A637-4129-AAE5-19AC26B04D98}
		{271F3BA5-786B-4768-A22F-4567389EFDFF} = {DEB4CB75-554A-4F46-A0CA-8EC7BFB82853}
		{757C3EDD-09B5-4D92-968E-25D2492604C1} = {271F3BA5-786B-4768-A22F-4567389EFDFF}
		{14755286-949B-4038-9522-BEC707807832} = {271F3BA5-786B-4768-A22F-4567389EFDFF}
		{DDCBBD3A-DB9A-41C2-B3EF-BDE08F6E1BDC} = {DEB4CB75-554A-4F46-A0CA-8EC7BFB82853}
		{3C03F8CB-511D-4227-81B2-6ED45F17CD53} = {DDCBBD3A-DB9A-41C2-B3EF-BDE08F6E1BDC}
		{AA7F3519-05F5-4CBE-8EE5-456779430C30} = {DDCBBD3A-DB9A-41C2-B3EF-BDE08F6E1BDC}
		{7D82917D-6225-482C-9FBF-92E1EC2D909B} = {DEB4CB75-554A-4F46-A0CA-8EC7BFB82853}
		{EBC78D5A-619B-4BAF-88EB-F1229302524A} = {7D82917D-6225-482C-9FBF-92E1EC2D909B}
		{A6F2AB1D-8D16-41F7-B417-79406421CD31} = {7D82917D-6225-482C-9FBF-92E1EC2D909B}
		{E7D9A1E5-99B5-495F-BE8D-CCC7994BF4FE} = {DEB4CB75-554A-4F46-A0CA-8EC7BFB82853}
		{0D78B929-8ACF-4BF4-8A9A-337EE4C34CA9} = {E7D9A1E5-99B5-495F-BE8D-CCC7994BF4FE}
		{4A583710-1361-41DD-9A9F-3406471EAE4A} = {E7D9A1E5-99B5-495F-BE8D-CCC7994BF4FE}
		{F1A18475-6EA6-442B-BEA1-0A3B7682AD45} = {5D8A40F7-B9DA-4E41-86A2-D8F2166C9F05}
		{63B2FF49-B065-4DF7-B701-B3AAA186254A} = {5D8A40F7-B9DA-4E41-86A2-D8F2166C9F05}
		{856B66C3-52CA-4592-809C-1FED11A9C8B9} = {5D8A40F7-B9DA-4E41-86A2-D8F2166C9F05}
		{08748D66-965B-402C-9F84-323ED879CDC3} = {5D8A40F7-B9DA-4E41-86A2-D8F2166C9F05}
		{C4261879-670B-4344-AD5B-D02911D64EE6} = {F1A18475-6EA6-442B-BEA1-0A3B7682AD45}
		{23409116-05C7-412C-9DEA-4D52CD6192CF} = {F1A18475-6EA6-442B-BEA1-0A3B7682AD45}
		{BE651DD1-E521-48F9-9217-297455B74D7D} = {856B66C3-52CA-4592-809C-1FED11A9C8B9}
		{B9144DB6-F9D6-4247-B46C-33A214BC478A} = {856B66C3-52CA-4592-809C-1FED11A9C8B9}
		{DF2412BC-6316-4F43-B599-99B3EE6703B9} = {63B2FF49-B065-4DF7-B701-B3AAA186254A}
		{836A14D5-D69B-48F6-B175-4D51431D5425} = {63B2FF49-B065-4DF7-B701-B3AAA186254A}
		{01E6D182-F4ED-4BAF-B819-8815C9433B0C} = {08748D66-965B-402C-9F84-323ED879CDC3}
		{A1C7DCF6-4BA3-479E-B107-9AB100CA20C4} = {08748D66-965B-402C-9F84-323ED879CDC3}
		{C3EF0643-7308-4017-846B-780A1C2A546F} = {8D867972-C3FC-493C-88BA-D8CCCB32152B}
		{84BBF901-E0E6-4892-BBA0-652389153C83} = {8D867972-C3FC-493C-88BA-D8CCCB32152B}
		{3E377943-475D-4927-94D8-2BA6D393219B} = {8D867972-C3FC-493C-88BA-D8CCCB32152B}
		{5B627627-D8A0-4B2E-812D-8A88B0024EBB} = {8D867972-C3FC-493C-88BA-D8CCCB32152B}
		{8FD2306B-BB20-4101-832E-D0C184E3D6D5} = {5B627627-D8A0-4B2E-812D-8A88B0024EBB}
		{2F163F0E-5B56-44F7-B69E-67B01E525ECB} = {5B627627-D8A0-4B2E-812D-8A88B0024EBB}
	EndGlobalSection
	GlobalSection(ExtensibilityGlobals) = postSolution
		SolutionGuid = {19E6BB2D-00D6-4A9C-99D5-74B14EA58051}
	EndGlobalSection
EndGlobal
